schema: '2.0'
stages:
  data_ingestion:
    cmd: python src/CnnClassifier/pipeline/stage_01_data_ingestion.py
    deps:
    - path: config/config.yaml
      hash: md5
      md5: 753c32ce92755eb7678fc0e6834fbc31
      size: 822
    - path: src/CnnClassifier/pipeline/stage_01_data_ingestion.py
      hash: md5
      md5: df0ead9536726accc065d932a1e0d5ea
      size: 910
    outs:
    - path: artifacts/data_ingestion/Chicken-fecal-images
      hash: md5
      md5: 9e1f8dd2eae3c29e9d635df89d438ae4.dir
      size: 12207807
      nfiles: 390
  prepare_base_model:
    cmd: python src/CnnClassifier/pipeline/stage_02_prepare_base_model.py
    deps:
    - path: config/config.yaml
      hash: md5
      md5: 753c32ce92755eb7678fc0e6834fbc31
      size: 822
    - path: src/CnnClassifier/pipeline/stage_02_prepare_base_model.py
      hash: md5
      md5: 27e911de9040ab249b2cc471fb36685b
      size: 969
    params:
      params.yaml:
        CLASSES: 2
        IMAGE_SIZE:
        - 224
        - 224
        - 3
        INCLUDE_TOP: false
        LEARNING_RATE: 0.01
        WEIGHTS: imagenet
    outs:
    - path: artifacts/prepare_base_model
      hash: md5
      md5: d047b643cff5a4ea32730da9a01906f8.dir
      size: 118056533
      nfiles: 2
  training:
    cmd: python src/CnnClassifier/pipeline/stage_03_training.py
    deps:
    - path: artifacts/data_ingestion/Chicken-fecal-images
      hash: md5
      md5: 9e1f8dd2eae3c29e9d635df89d438ae4.dir
      size: 12207807
      nfiles: 390
    - path: artifacts/prepare_base_model
      hash: md5
      md5: d047b643cff5a4ea32730da9a01906f8.dir
      size: 118056533
      nfiles: 2
    - path: config/config.yaml
      hash: md5
      md5: 753c32ce92755eb7678fc0e6834fbc31
      size: 822
    - path: src/CnnClassifier/components/prepare_callbacks.py
      hash: md5
      md5: 24bd7aa100754ccfabaca12a31d0c89d
      size: 971
    - path: src/CnnClassifier/pipeline/stage_03_training.py
      hash: md5
      md5: f9b412c50c663f919e138bb2a7a6b409
      size: 1225
    params:
      params.yaml:
        AUGMENTATION: true
        BATCH_SIZE: 16
        EPOCHS: 10
        IMAGE_SIZE:
        - 224
        - 224
        - 3
    outs:
    - path: artifacts/training/model.keras
      hash: md5
      md5: 7e87892d4a98684c20420e3bf1812c7a
      size: 59133303
  evaluation:
    cmd: python src/cnnClassifier/pipeline/stage_04_evaluation.py
    deps:
    - path: artifacts/data_ingestion/Chicken-fecal-images
      hash: md5
      md5: 9e1f8dd2eae3c29e9d635df89d438ae4.dir
      size: 12207807
      nfiles: 390
    - path: artifacts/training/model.keras
      hash: md5
      md5: 7e87892d4a98684c20420e3bf1812c7a
      size: 59133303
    - path: config/config.yaml
      hash: md5
      md5: 753c32ce92755eb7678fc0e6834fbc31
      size: 822
    - path: src/CnnClassifier/pipeline/stage_04_evaluation.py
      hash: md5
      md5: b5cba890cac44b66722bccb39f71d8e8
      size: 850
    params:
      params.yaml:
        BATCH_SIZE: 16
        IMAGE_SIZE:
        - 224
        - 224
        - 3
    outs:
    - path: scores.json
      hash: md5
      md5: 3cf997581a4bcaa8d02334af8074ec0f
      size: 73
